
Microsoft Visual Studio Solution File, Format Version 12.00
# Visual Studio 15
VisualStudioVersion = 15.0.26430.13
MinimumVisualStudioVersion = 10.0.40219.1
Project("{FAE04EC0-301F-11D3-BF4B-00C04F79EFBC}") = "PokerGo", "PokerGo\PokerGo.csproj", "{CE7199B7-8977-43C4-94E8-7723AEA7CE2C}"
EndProject
Project("{2150E333-8FDC-42A3-9474-1A3956D46DE8}") = "Backend", "Backend", "{D757BF43-E4FA-46DC-AC60-FAC4B60AE69B}"
EndProject
Project("{FAE04EC0-301F-11D3-BF4B-00C04F79EFBC}") = "CommandingServer", "CommandingServer\CommandingServer.csproj", "{CBE20CCB-1657-4425-B293-35B2CC1B6CDB}"
EndProject
Project("{FAE04EC0-301F-11D3-BF4B-00C04F79EFBC}") = "Prism.MEF2", "Prism.MEF2\Prism.MEF2.csproj", "{4EFA8AB5-89A0-4A21-96AD-BECDFA4517AF}"
EndProject
Project("{2150E333-8FDC-42A3-9474-1A3956D46DE8}") = "Modules", "Modules", "{D2A9A8D8-D485-4A2C-B220-8510C6FCA2F3}"
EndProject
Project("{FAE04EC0-301F-11D3-BF4B-00C04F79EFBC}") = "CommandingProxy", "CommandingProxy\CommandingProxy.csproj", "{62405CA4-B761-45AB-9B97-ACE0CC4B15B7}"
EndProject
Project("{FAE04EC0-301F-11D3-BF4B-00C04F79EFBC}") = "Poker.Core", "Poker.Core\Poker.Core.csproj", "{F66CCBBC-3E95-4D66-8A65-80505E61C1C0}"
EndProject
Project("{9A19103F-16F7-4668-BE54-9A1E7A4F7556}") = "Infrastructure", "Infrastructure\Infrastructure.csproj", "{DFE228C5-91D9-4D40-8E7E-0A59D3C1F5F3}"
EndProject
Global
	GlobalSection(SolutionConfigurationPlatforms) = preSolution
		Debug|Any CPU = Debug|Any CPU
		Debug|ARM = Debug|ARM
		Debug|x64 = Debug|x64
		Debug|x86 = Debug|x86
		Release|Any CPU = Release|Any CPU
		Release|ARM = Release|ARM
		Release|x64 = Release|x64
		Release|x86 = Release|x86
	EndGlobalSection
	GlobalSection(ProjectConfigurationPlatforms) = postSolution
		{CE7199B7-8977-43C4-94E8-7723AEA7CE2C}.Debug|Any CPU.ActiveCfg = Debug|x86
		{CE7199B7-8977-43C4-94E8-7723AEA7CE2C}.Debug|Any CPU.Build.0 = Debug|x86
		{CE7199B7-8977-43C4-94E8-7723AEA7CE2C}.Debug|Any CPU.Deploy.0 = Debug|x86
		{CE7199B7-8977-43C4-94E8-7723AEA7CE2C}.Debug|ARM.ActiveCfg = Debug|ARM
		{CE7199B7-8977-43C4-94E8-7723AEA7CE2C}.Debug|ARM.Build.0 = Debug|ARM
		{CE7199B7-8977-43C4-94E8-7723AEA7CE2C}.Debug|ARM.Deploy.0 = Debug|ARM
		{CE7199B7-8977-43C4-94E8-7723AEA7CE2C}.Debug|x64.ActiveCfg = Debug|x64
		{CE7199B7-8977-43C4-94E8-7723AEA7CE2C}.Debug|x64.Build.0 = Debug|x64
		{CE7199B7-8977-43C4-94E8-7723AEA7CE2C}.Debug|x64.Deploy.0 = Debug|x64
		{CE7199B7-8977-43C4-94E8-7723AEA7CE2C}.Debug|x86.ActiveCfg = Debug|x86
		{CE7199B7-8977-43C4-94E8-7723AEA7CE2C}.Debug|x86.Build.0 = Debug|x86
		{CE7199B7-8977-43C4-94E8-7723AEA7CE2C}.Debug|x86.Deploy.0 = Debug|x86
		{CE7199B7-8977-43C4-94E8-7723AEA7CE2C}.Release|Any CPU.ActiveCfg = Release|x86
		{CE7199B7-8977-43C4-94E8-7723AEA7CE2C}.Release|ARM.ActiveCfg = Release|ARM
		{CE7199B7-8977-43C4-94E8-7723AEA7CE2C}.Release|ARM.Build.0 = Release|ARM
		{CE7199B7-8977-43C4-94E8-7723AEA7CE2C}.Release|ARM.Deploy.0 = Release|ARM
		{CE7199B7-8977-43C4-94E8-7723AEA7CE2C}.Release|x64.ActiveCfg = Release|x64
		{CE7199B7-8977-43C4-94E8-7723AEA7CE2C}.Release|x64.Build.0 = Release|x64
		{CE7199B7-8977-43C4-94E8-7723AEA7CE2C}.Release|x64.Deploy.0 = Release|x64
		{CE7199B7-8977-43C4-94E8-7723AEA7CE2C}.Release|x86.ActiveCfg = Release|x86
		{CE7199B7-8977-43C4-94E8-7723AEA7CE2C}.Release|x86.Build.0 = Release|x86
		{CE7199B7-8977-43C4-94E8-7723AEA7CE2C}.Release|x86.Deploy.0 = Release|x86
		{CBE20CCB-1657-4425-B293-35B2CC1B6CDB}.Debug|Any CPU.ActiveCfg = Debug|Any CPU
		{CBE20CCB-1657-4425-B293-35B2CC1B6CDB}.Debug|Any CPU.Build.0 = Debug|Any CPU
		{CBE20CCB-1657-4425-B293-35B2CC1B6CDB}.Debug|ARM.ActiveCfg = Debug|Any CPU
		{CBE20CCB-1657-4425-B293-35B2CC1B6CDB}.Debug|ARM.Build.0 = Debug|Any CPU
		{CBE20CCB-1657-4425-B293-35B2CC1B6CDB}.Debug|x64.ActiveCfg = Debug|Any CPU
		{CBE20CCB-1657-4425-B293-35B2CC1B6CDB}.Debug|x64.Build.0 = Debug|Any CPU
		{CBE20CCB-1657-4425-B293-35B2CC1B6CDB}.Debug|x86.ActiveCfg = Debug|Any CPU
		{CBE20CCB-1657-4425-B293-35B2CC1B6CDB}.Debug|x86.Build.0 = Debug|Any CPU
		{CBE20CCB-1657-4425-B293-35B2CC1B6CDB}.Release|Any CPU.ActiveCfg = Release|Any CPU
		{CBE20CCB-1657-4425-B293-35B2CC1B6CDB}.Release|Any CPU.Build.0 = Release|Any CPU
		{CBE20CCB-1657-4425-B293-35B2CC1B6CDB}.Release|ARM.ActiveCfg = Release|Any CPU
		{CBE20CCB-1657-4425-B293-35B2CC1B6CDB}.Release|ARM.Build.0 = Release|Any CPU
		{CBE20CCB-1657-4425-B293-35B2CC1B6CDB}.Release|x64.ActiveCfg = Release|Any CPU
		{CBE20CCB-1657-4425-B293-35B2CC1B6CDB}.Release|x64.Build.0 = Release|Any CPU
		{CBE20CCB-1657-4425-B293-35B2CC1B6CDB}.Release|x86.ActiveCfg = Release|Any CPU
		{CBE20CCB-1657-4425-B293-35B2CC1B6CDB}.Release|x86.Build.0 = Release|Any CPU
		{4EFA8AB5-89A0-4A21-96AD-BECDFA4517AF}.Debug|Any CPU.ActiveCfg = Debug|Any CPU
		{4EFA8AB5-89A0-4A21-96AD-BECDFA4517AF}.Debug|Any CPU.Build.0 = Debug|Any CPU
		{4EFA8AB5-89A0-4A21-96AD-BECDFA4517AF}.Debug|ARM.ActiveCfg = Debug|ARM
		{4EFA8AB5-89A0-4A21-96AD-BECDFA4517AF}.Debug|ARM.Build.0 = Debug|ARM
		{4EFA8AB5-89A0-4A21-96AD-BECDFA4517AF}.Debug|x64.ActiveCfg = Debug|x64
		{4EFA8AB5-89A0-4A21-96AD-BECDFA4517AF}.Debug|x64.Build.0 = Debug|x64
		{4EFA8AB5-89A0-4A21-96AD-BECDFA4517AF}.Debug|x86.ActiveCfg = Debug|x86
		{4EFA8AB5-89A0-4A21-96AD-BECDFA4517AF}.Debug|x86.Build.0 = Debug|x86
		{4EFA8AB5-89A0-4A21-96AD-BECDFA4517AF}.Release|Any CPU.ActiveCfg = Release|Any CPU
		{4EFA8AB5-89A0-4A21-96AD-BECDFA4517AF}.Release|Any CPU.Build.0 = Release|Any CPU
		{4EFA8AB5-89A0-4A21-96AD-BECDFA4517AF}.Release|ARM.ActiveCfg = Release|ARM
		{4EFA8AB5-89A0-4A21-96AD-BECDFA4517AF}.Release|ARM.Build.0 = Release|ARM
		{4EFA8AB5-89A0-4A21-96AD-BECDFA4517AF}.Release|x64.ActiveCfg = Release|x64
		{4EFA8AB5-89A0-4A21-96AD-BECDFA4517AF}.Release|x64.Build.0 = Release|x64
		{4EFA8AB5-89A0-4A21-96AD-BECDFA4517AF}.Release|x86.ActiveCfg = Release|x86
		{4EFA8AB5-89A0-4A21-96AD-BECDFA4517AF}.Release|x86.Build.0 = Release|x86
		{62405CA4-B761-45AB-9B97-ACE0CC4B15B7}.Debug|Any CPU.ActiveCfg = Debug|Any CPU
		{62405CA4-B761-45AB-9B97-ACE0CC4B15B7}.Debug|Any CPU.Build.0 = Debug|Any CPU
		{62405CA4-B761-45AB-9B97-ACE0CC4B15B7}.Debug|ARM.ActiveCfg = Debug|ARM
		{62405CA4-B761-45AB-9B97-ACE0CC4B15B7}.Debug|ARM.Build.0 = Debug|ARM
		{62405CA4-B761-45AB-9B97-ACE0CC4B15B7}.Debug|x64.ActiveCfg = Debug|x64
		{62405CA4-B761-45AB-9B97-ACE0CC4B15B7}.Debug|x64.Build.0 = Debug|x64
		{62405CA4-B761-45AB-9B97-ACE0CC4B15B7}.Debug|x86.ActiveCfg = Debug|x86
		{62405CA4-B761-45AB-9B97-ACE0CC4B15B7}.Debug|x86.Build.0 = Debug|x86
		{62405CA4-B761-45AB-9B97-ACE0CC4B15B7}.Release|Any CPU.ActiveCfg = Release|Any CPU
		{62405CA4-B761-45AB-9B97-ACE0CC4B15B7}.Release|Any CPU.Build.0 = Release|Any CPU
		{62405CA4-B761-45AB-9B97-ACE0CC4B15B7}.Release|ARM.ActiveCfg = Release|ARM
		{62405CA4-B761-45AB-9B97-ACE0CC4B15B7}.Release|ARM.Build.0 = Release|ARM
		{62405CA4-B761-45AB-9B97-ACE0CC4B15B7}.Release|x64.ActiveCfg = Release|x64
		{62405CA4-B761-45AB-9B97-ACE0CC4B15B7}.Release|x64.Build.0 = Release|x64
		{62405CA4-B761-45AB-9B97-ACE0CC4B15B7}.Release|x86.ActiveCfg = Release|x86
		{62405CA4-B761-45AB-9B97-ACE0CC4B15B7}.Release|x86.Build.0 = Release|x86
		{F66CCBBC-3E95-4D66-8A65-80505E61C1C0}.Debug|Any CPU.ActiveCfg = Debug|Any CPU
		{F66CCBBC-3E95-4D66-8A65-80505E61C1C0}.Debug|Any CPU.Build.0 = Debug|Any CPU
		{F66CCBBC-3E95-4D66-8A65-80505E61C1C0}.Debug|ARM.ActiveCfg = Debug|ARM
		{F66CCBBC-3E95-4D66-8A65-80505E61C1C0}.Debug|ARM.Build.0 = Debug|ARM
		{F66CCBBC-3E95-4D66-8A65-80505E61C1C0}.Debug|x64.ActiveCfg = Debug|x64
		{F66CCBBC-3E95-4D66-8A65-80505E61C1C0}.Debug|x64.Build.0 = Debug|x64
		{F66CCBBC-3E95-4D66-8A65-80505E61C1C0}.Debug|x86.ActiveCfg = Debug|x86
		{F66CCBBC-3E95-4D66-8A65-80505E61C1C0}.Debug|x86.Build.0 = Debug|x86
		{F66CCBBC-3E95-4D66-8A65-80505E61C1C0}.Release|Any CPU.ActiveCfg = Release|Any CPU
		{F66CCBBC-3E95-4D66-8A65-80505E61C1C0}.Release|Any CPU.Build.0 = Release|Any CPU
		{F66CCBBC-3E95-4D66-8A65-80505E61C1C0}.Release|ARM.ActiveCfg = Release|ARM
		{F66CCBBC-3E95-4D66-8A65-80505E61C1C0}.Release|ARM.Build.0 = Release|ARM
		{F66CCBBC-3E95-4D66-8A65-80505E61C1C0}.Release|x64.ActiveCfg = Release|x64
		{F66CCBBC-3E95-4D66-8A65-80505E61C1C0}.Release|x64.Build.0 = Release|x64
		{F66CCBBC-3E95-4D66-8A65-80505E61C1C0}.Release|x86.ActiveCfg = Release|x86
		{F66CCBBC-3E95-4D66-8A65-80505E61C1C0}.Release|x86.Build.0 = Release|x86
		{DFE228C5-91D9-4D40-8E7E-0A59D3C1F5F3}.Debug|Any CPU.ActiveCfg = Debug|Any CPU
		{DFE228C5-91D9-4D40-8E7E-0A59D3C1F5F3}.Debug|Any CPU.Build.0 = Debug|Any CPU
		{DFE228C5-91D9-4D40-8E7E-0A59D3C1F5F3}.Debug|ARM.ActiveCfg = Debug|Any CPU
		{DFE228C5-91D9-4D40-8E7E-0A59D3C1F5F3}.Debug|ARM.Build.0 = Debug|Any CPU
		{DFE228C5-91D9-4D40-8E7E-0A59D3C1F5F3}.Debug|x64.ActiveCfg = Debug|Any CPU
		{DFE228C5-91D9-4D40-8E7E-0A59D3C1F5F3}.Debug|x64.Build.0 = Debug|Any CPU
		{DFE228C5-91D9-4D40-8E7E-0A59D3C1F5F3}.Debug|x86.ActiveCfg = Debug|Any CPU
		{DFE228C5-91D9-4D40-8E7E-0A59D3C1F5F3}.Debug|x86.Build.0 = Debug|Any CPU
		{DFE228C5-91D9-4D40-8E7E-0A59D3C1F5F3}.Release|Any CPU.ActiveCfg = Release|Any CPU
		{DFE228C5-91D9-4D40-8E7E-0A59D3C1F5F3}.Release|Any CPU.Build.0 = Release|Any CPU
		{DFE228C5-91D9-4D40-8E7E-0A59D3C1F5F3}.Release|ARM.ActiveCfg = Release|Any CPU
		{DFE228C5-91D9-4D40-8E7E-0A59D3C1F5F3}.Release|ARM.Build.0 = Release|Any CPU
		{DFE228C5-91D9-4D40-8E7E-0A59D3C1F5F3}.Release|x64.ActiveCfg = Release|Any CPU
		{DFE228C5-91D9-4D40-8E7E-0A59D3C1F5F3}.Release|x64.Build.0 = Release|Any CPU
		{DFE228C5-91D9-4D40-8E7E-0A59D3C1F5F3}.Release|x86.ActiveCfg = Release|Any CPU
		{DFE228C5-91D9-4D40-8E7E-0A59D3C1F5F3}.Release|x86.Build.0 = Release|Any CPU
	EndGlobalSection
	GlobalSection(SolutionProperties) = preSolution
		HideSolutionNode = FALSE
	EndGlobalSection
	GlobalSection(NestedProjects) = preSolution
		{CBE20CCB-1657-4425-B293-35B2CC1B6CDB} = {D757BF43-E4FA-46DC-AC60-FAC4B60AE69B}
		{62405CA4-B761-45AB-9B97-ACE0CC4B15B7} = {D2A9A8D8-D485-4A2C-B220-8510C6FCA2F3}
		{F66CCBBC-3E95-4D66-8A65-80505E61C1C0} = {D2A9A8D8-D485-4A2C-B220-8510C6FCA2F3}
	EndGlobalSection
EndGlobal
